{
  "name": "contracts",
  "version": "1.0.0",
  "lockfileVersion": 3,
  "requires": true,
  "packages": {
    "": {
      "name": "contracts",
      "version": "1.0.0",
      "license": "ISC",
      "dependencies": {
        "@fhenixprotocol/cofhe-contracts": "^0.0.13"
      },
      "devDependencies": {
        "@fhenixprotocol/cofhe-mock-contracts": "^0.3.1"
      }
    },
    "node_modules/@fhenixprotocol/cofhe-contracts": {
      "version": "0.0.13",
      "resolved": "https://registry.npmjs.org/@fhenixprotocol/cofhe-contracts/-/cofhe-contracts-0.0.13.tgz",
      "integrity": "sha512-+lHo5v52fR7QfQj2ottDw4F/AqZg6obPBRqvK576SJatX3o4aH6ZSt2kxNb5kT8Ckthjw6FoNmLdUVCDpP400w==",
      "dependencies": {
        "@openzeppelin/contracts": "^5.0.0"
      }
    },
    "node_modules/@fhenixprotocol/cofhe-mock-contracts": {
      "version": "0.3.1",
      "resolved": "https://registry.npmjs.org/@fhenixprotocol/cofhe-mock-contracts/-/cofhe-mock-contracts-0.3.1.tgz",
      "integrity": "sha512-a2Fi9e6emgoPwO/vMhN9m/QXHl7ypQP1YixlJaLkAX80vtm2rAM77O7xcslCzH7R9NNHGJxiME+comrpNjII5g==",
      "dev": true,
      "dependencies": {
        "@fhenixprotocol/cofhe-contracts": "0.0.13",
        "@openzeppelin/contracts": "^5.0.0",
        "@openzeppelin/contracts-upgradeable": "^5.0.0"
      },
      "peerDependencies": {
        "@fhenixprotocol/cofhe-contracts": "0.0.13",
        "@openzeppelin/contracts": "^5.0.0",
        "@openzeppelin/contracts-upgradeable": "^5.0.0"
      }
    },
    "node_modules/@openzeppelin/contracts": {
      "version": "5.6.1",
      "resolved": "https://registry.npmjs.org/@openzeppelin/contracts/-/contracts-5.6.1.tgz",
      "integrity": "sha512-Ly6SlsVJ3mj+b18W3R8gNufB7dTICT105fJhodGAGgyC2oqnBAhqSiNDJ8V8DLY05cCz81GLI0CU5vNYA1EC/w==",
      "license": "MIT",
      "peer": true
    },
    "node_modules/@openzeppelin/contracts-upgradeable": {
      "version": "5.6.1",
      "resolved": "https://registry.npmjs.org/@openzeppelin/contracts-upgradeable/-/contracts-upgradeable-5.6.1.tgz",
      "integrity": "sha512-n4a/vfRs114lXyUdYg7pyY8LvFKWvCDF5lEcRRAVxap8g6ZEdLqm+9tmt2zTtRHcNMxTYp9y5t6KBof4tHp7Og==",
      "dev": true,
      "license": "MIT",
      "peerDependencies": {
        "@openzeppelin/contracts": "5.6.1"
      }
    }
  }
}
